
Microsoft Visual Studio Solution File, Format Version 12.00
# Visual Studio 2012
Project("{FAE04EC0-301F-11D3-BF4B-00C04F79EFBC}") = "HomeApplianceTuto", "HomeApplianceTuto\HomeApplianceTuto.csproj", "{15D2DD75-F963-4F51-810C-B63322644596}"
EndProject
Global
	GlobalSection(SolutionConfigurationPlatforms) = preSolution
		Debug|Any CPU = Debug|Any CPU
		Release|Any CPU = Release|Any CPU
	EndGlobalSection
	GlobalSection(ProjectConfigurationPlatforms) = postSolution
		{15D2DD75-F963-4F51-810C-B63322644596}.Debug|Any CPU.ActiveCfg = Debug|Any CPU
		{15D2DD75-F963-4F51-810C-B63322644596}.Debug|Any CPU.Build.0 = Debug|Any CPU
		{15D2DD75-F963-4F51-810C-B63322644596}.Release|Any CPU.ActiveCfg = Release|Any CPU
		{15D2DD75-F963-4F51-810C-B63322644596}.Release|Any CPU.Build.0 = Release|Any CPU
	EndGlobalSection
	GlobalSection(SolutionProperties) = preSolution
		HideSolutionNode = FALSE
	EndGlobalSection
EndGlobal
